
Microsoft Visual Studio Solution File, Format Version 12.00
# Visual Studio Version 17
VisualStudioVersion = 17.3.32825.248
MinimumVisualStudioVersion = 10.0.40219.1
Project("{2150E333-8FDC-42A3-9474-1A3956D46DE8}") = "src", "src", "{C285E3AA-AFED-4CE8-BA34-B17D554D268A}"
EndProject
Project("{2150E333-8FDC-42A3-9474-1A3956D46DE8}") = "tests", "tests", "{1686DAAB-AB56-4866-823D-747944C345A8}"
EndProject
Project("{2150E333-8FDC-42A3-9474-1A3956D46DE8}") = "doc", "doc", "{23CCC140-D513-4D9F-A84C-D928B3704AE5}"
EndProject
Project("{2150E333-8FDC-42A3-9474-1A3956D46DE8}") = "Infrastructure", "Infrastructure", "{A46370A4-0407-4737-B4C8-36F260DEF08E}"
EndProject
Project("{2150E333-8FDC-42A3-9474-1A3956D46DE8}") = "API", "API", "{49F108B4-BCA8-4392-8DD7-5F9E3B83DE17}"
EndProject
Project("{2150E333-8FDC-42A3-9474-1A3956D46DE8}") = "Core", "Core", "{24C55D79-4B65-4D3C-A185-B9BA61CED946}"
EndProject
Project("{9A19103F-16F7-4668-BE54-9A1E7A4F7556}") = "takecontrol.Identity", "takecontrol.Identity\takecontrol.Identity.csproj", "{7C9A0390-9626-44AF-9DFB-B76D7831316C}"
EndProject
Project("{9A19103F-16F7-4668-BE54-9A1E7A4F7556}") = "takecontrol.Domain", "takecontrol.Domain\takecontrol.Domain.csproj", "{6A095AEA-C6DF-4500-A97B-F607CEC15A67}"
EndProject
Project("{9A19103F-16F7-4668-BE54-9A1E7A4F7556}") = "takecontrol.Application", "takecontrol.Application\takecontrol.Application.csproj", "{51C387A6-C879-45C2-A7F9-BDEFB45584CB}"
EndProject
Project("{9A19103F-16F7-4668-BE54-9A1E7A4F7556}") = "Takecontrol.API", "takecontrol.API\Takecontrol.API.csproj", "{A64F1525-8EF2-45B9-B93C-FDB5597ACD81}"
EndProject
Project("{9A19103F-16F7-4668-BE54-9A1E7A4F7556}") = "takecontrol.Infrastructure", "takecontrol.Infrastructure\takecontrol.Infrastructure.csproj", "{18AC54E3-0F6A-421F-BE2D-0AF7D23DED8B}"
EndProject
Project("{2150E333-8FDC-42A3-9474-1A3956D46DE8}") = "Core", "Core", "{9D367A46-5E78-4A40-8B8D-F1F0F38B2D6D}"
EndProject
Project("{2150E333-8FDC-42A3-9474-1A3956D46DE8}") = "Infrastructure", "Infrastructure", "{C3AF0ECE-B26A-4B21-B0B0-1EA495D549B0}"
EndProject
Project("{2150E333-8FDC-42A3-9474-1A3956D46DE8}") = "API", "API", "{D44E381D-4E5E-4281-9EEA-7B30BEA7D7F8}"
EndProject
Project("{9A19103F-16F7-4668-BE54-9A1E7A4F7556}") = "takecontrol.API.IntegrationTests", "takecontrol.API.IntegrationTests\takecontrol.API.IntegrationTests.csproj", "{6A49EB4D-C38A-4E99-9B0F-B418A91BC5CE}"
EndProject
Project("{9A19103F-16F7-4668-BE54-9A1E7A4F7556}") = "takecontrol.Infrastructure.IntegrationTests", "takecontrol.Infrastructure.UnitTests\takecontrol.Infrastructure.IntegrationTests.csproj", "{CDFCBE44-37B1-41A2-82DA-7CEC47898785}"
EndProject
Project("{9A19103F-16F7-4668-BE54-9A1E7A4F7556}") = "takecontrol.Domain.UnitTests", "takecontrol.Domain.UnitTests\takecontrol.Domain.UnitTests.csproj", "{96E3CAEF-01EB-4C83-A69E-A697F994AE3B}"
EndProject
Project("{9A19103F-16F7-4668-BE54-9A1E7A4F7556}") = "takecontrol.Identity.UnitTests", "takecontrol.Identity.UnitTests\takecontrol.Identity.UnitTests.csproj", "{E5BAB26A-946C-440B-99A5-A65F77CF5538}"
EndProject
Project("{9A19103F-16F7-4668-BE54-9A1E7A4F7556}") = "takecontrol.Application.UnitTests", "takecontrol.Application.UnitTests\takecontrol.Application.UnitTests.csproj", "{C060B4F0-6E58-45CF-BD70-69E59516649A}"
EndProject
Project("{9A19103F-16F7-4668-BE54-9A1E7A4F7556}") = "takecontrol.EmailEngine", "takecontrol.EmailEngine\takecontrol.EmailEngine.csproj", "{6C31B3A6-1A81-48B5-8954-38FE7EFB6B27}"
EndProject
Project("{9A19103F-16F7-4668-BE54-9A1E7A4F7556}") = "takecontrol.EmailEngine.IntegrationTests", "takecontrol.EmailEngine.IntegrationTests\takecontrol.EmailEngine.IntegrationTests.csproj", "{10299A04-9BE3-474C-92A1-06BE6B52FF08}"
EndProject
Project("{2150E333-8FDC-42A3-9474-1A3956D46DE8}") = "Shared", "Shared", "{DF29CE41-4C63-4FD5-812E-9B6728AE48A8}"
EndProject
Project("{9A19103F-16F7-4668-BE54-9A1E7A4F7556}") = "takecontrol.IntegrationTest.Shared", "takecontrol.IntegrationTest.Shared\takecontrol.IntegrationTest.Shared.csproj", "{C338B40C-D75F-4EA0-A197-63C45DDAC436}"
EndProject
Project("{2150E333-8FDC-42A3-9474-1A3956D46DE8}") = "Modules", "Modules", "{DA66AFC3-ECBA-4B58-A8E3-E5D53A963603}"
EndProject
Project("{2150E333-8FDC-42A3-9474-1A3956D46DE8}") = "User", "User", "{3B2141C4-7F28-49AD-BE1B-7F31659D678F}"
EndProject
Project("{2150E333-8FDC-42A3-9474-1A3956D46DE8}") = "Credential", "Credential", "{64911A8D-4888-4824-98FE-32E491B12FDB}"
EndProject
Project("{2150E333-8FDC-42A3-9474-1A3956D46DE8}") = "Email", "Email", "{8DAE82DE-A4B9-4B99-BDCA-C75245C3362C}"
EndProject
Project("{2150E333-8FDC-42A3-9474-1A3956D46DE8}") = "Shared", "Shared", "{3B79D760-BE5F-4ACA-A289-49CAF709AC37}"
EndProject
Project("{9A19103F-16F7-4668-BE54-9A1E7A4F7556}") = "Takecontrol.User.Application", "Takecontrol.User.Application\Takecontrol.User.Application.csproj", "{7A3D554B-4A18-40B8-AFC6-2D50739485A6}"
EndProject
Project("{9A19103F-16F7-4668-BE54-9A1E7A4F7556}") = "Takecontrol.User.Domain", "Takecontrol.User.Domain\Takecontrol.User.Domain.csproj", "{94F898B8-77CA-41CB-B2E9-224132AFDE56}"
EndProject
Project("{9A19103F-16F7-4668-BE54-9A1E7A4F7556}") = "Takecontrol.User.Infrastructure", "Takecontrol.User.Infrastructure\Takecontrol.User.Infrastructure.csproj", "{5E588318-2A94-46A3-9CAB-02A714A9FACC}"
EndProject
Project("{9A19103F-16F7-4668-BE54-9A1E7A4F7556}") = "Takecontrol.Credential.Application", "Takecontrol.Credential.Application\Takecontrol.Credential.Application.csproj", "{DB0CD290-ACF0-42B2-AF07-7DFB458A17E1}"
EndProject
Project("{9A19103F-16F7-4668-BE54-9A1E7A4F7556}") = "Takecontrol.Credential.Domain", "Takecontrol.Credential.Domain\Takecontrol.Credential.Domain.csproj", "{68C16330-798A-44FB-92B5-45FE1EEB8921}"
EndProject
Project("{9A19103F-16F7-4668-BE54-9A1E7A4F7556}") = "Takecontrol.Credential.Infrastructure", "Takecontrol.Credential.Infrastructure\Takecontrol.Credential.Infrastructure.csproj", "{546C96A5-5F17-47B8-8546-43E5A908B5F5}"
EndProject
Project("{9A19103F-16F7-4668-BE54-9A1E7A4F7556}") = "Takecontrol.Shared.Application", "Takecontrol.Shared.Application\Takecontrol.Shared.Application.csproj", "{4F4695F2-9868-4AFF-A57E-2949CAAD52EA}"
EndProject
Project("{9A19103F-16F7-4668-BE54-9A1E7A4F7556}") = "Takecontrol.Shared.Domain", "Takecontrol.Shared.Domain\Takecontrol.Shared.Domain.csproj", "{03D67280-9B8B-4515-9C12-6E31F5B2FE5E}"
EndProject
Project("{9A19103F-16F7-4668-BE54-9A1E7A4F7556}") = "Takecontrol.Emails.Domain", "Takecontrol.Email.Domain\Takecontrol.Emails.Domain.csproj", "{61430579-56B7-48D3-8A49-76C5D0CF825D}"
EndProject
Project("{9A19103F-16F7-4668-BE54-9A1E7A4F7556}") = "Takecontrol.Emails.Application", "Takecontrol.Email.Application\Takecontrol.Emails.Application.csproj", "{C2377FF3-E8F2-4327-BB18-8CA1C3477725}"
EndProject
Project("{9A19103F-16F7-4668-BE54-9A1E7A4F7556}") = "Takecontrol.Emails.Infrastructure", "Takecontrol.Email.Infrastructure\Takecontrol.Emails.Infrastructure.csproj", "{E2281426-CA25-4F51-BD72-E0A9EECAC5ED}"
EndProject
Project("{2150E333-8FDC-42A3-9474-1A3956D46DE8}") = "Tests", "Tests", "{6BD5F750-1CEC-46A8-B709-30A655836CDD}"
EndProject
Project("{9A19103F-16F7-4668-BE54-9A1E7A4F7556}") = "Takecontrol.Shared.Tests", "Takecontrol.Shared.Tests\Takecontrol.Shared.Tests.csproj", "{0182B7AD-1CF4-4859-A960-5BCDD78FC088}"
EndProject
Project("{2150E333-8FDC-42A3-9474-1A3956D46DE8}") = "Tests", "Tests", "{012ECB83-4A27-4606-95D7-E8DFC7947B3C}"
EndProject
Project("{2150E333-8FDC-42A3-9474-1A3956D46DE8}") = "Tests", "Tests", "{AB25C4E8-A74E-45B0-817C-242DC1213E5B}"
EndProject
Project("{2150E333-8FDC-42A3-9474-1A3956D46DE8}") = "Tests", "Tests", "{15717DC7-4A1A-4148-B395-75D1023ADBFA}"
EndProject
Project("{2150E333-8FDC-42A3-9474-1A3956D46DE8}") = "Tests", "Tests", "{5F7CF46B-6D06-4459-AB5F-EF294690218F}"
EndProject
Project("{9A19103F-16F7-4668-BE54-9A1E7A4F7556}") = "Takecontrol.API.Tests", "Takecontrol.API.Tests\Takecontrol.API.Tests.csproj", "{D8FED414-82F3-4E6D-B642-69027DF80C76}"
EndProject
Project("{9A19103F-16F7-4668-BE54-9A1E7A4F7556}") = "Takecontrol.Credential.Application.Tests", "Takecontrol.Credential.Application.Tests\Takecontrol.Credential.Application.Tests.csproj", "{1A0D5D63-4DA1-4123-AECE-B044EED23728}"
EndProject
Project("{9A19103F-16F7-4668-BE54-9A1E7A4F7556}") = "Takecontrol.Credential.Infrastructure.Tests", "Takecontrol.Credential.Infrastructure.Tests\Takecontrol.Credential.Infrastructure.Tests.csproj", "{E9397A9D-5416-4C44-8DA4-9EB55956553E}"
EndProject
Project("{FAE04EC0-301F-11D3-BF4B-00C04F79EFBC}") = "Takecontrol.Emails.Application.Tests", "Takecontrol.Emails.Application.Tests\Takecontrol.Emails.Application.Tests.csproj", "{EFAF7138-0BE1-4047-8A77-F1FBC86F280B}"
EndProject
Project("{FAE04EC0-301F-11D3-BF4B-00C04F79EFBC}") = "Takecontrol.Emails.Domain.Tests", "Takecontrol.Emails.Domain.Tests\Takecontrol.Emails.Domain.Tests.csproj", "{BB80B011-5FC4-4EC7-B532-C5934FB6B173}"
EndProject
Project("{FAE04EC0-301F-11D3-BF4B-00C04F79EFBC}") = "Takecontrol.Emails.Infrastructure.Tests", "Takecontrol.Emails.Infrastructure.Tests\Takecontrol.Emails.Infrastructure.Tests.csproj", "{59E7096A-8ED2-481D-AEA0-D9C0DB9CCF80}"
EndProject
Project("{FAE04EC0-301F-11D3-BF4B-00C04F79EFBC}") = "Takecontrol.User.Application.Tests", "Takecontrol.User.Application.Tests\Takecontrol.User.Application.Tests.csproj", "{79863E29-B55C-4FFB-A553-1CC316651269}"
EndProject
Project("{FAE04EC0-301F-11D3-BF4B-00C04F79EFBC}") = "Takecontrol.User.Domain.Tests", "Takecontrol.User.Domain.Tests\Takecontrol.User.Domain.Tests.csproj", "{BA17CA3D-648F-46C4-BE18-4F760F4D36B5}"
EndProject
Project("{FAE04EC0-301F-11D3-BF4B-00C04F79EFBC}") = "Takecontrol.User.Infrastructure.Tests", "Takecontrol.User.Infrastructure.Tests\Takecontrol.User.Infrastructure.Tests.csproj", "{9C6B5DD9-BACD-4EE9-A396-D3307993194C}"
EndProject
Global
	GlobalSection(SolutionConfigurationPlatforms) = preSolution
		Debug|Any CPU = Debug|Any CPU
		Release|Any CPU = Release|Any CPU
	EndGlobalSection
	GlobalSection(ProjectConfigurationPlatforms) = postSolution
		{7C9A0390-9626-44AF-9DFB-B76D7831316C}.Debug|Any CPU.ActiveCfg = Debug|Any CPU
		{7C9A0390-9626-44AF-9DFB-B76D7831316C}.Debug|Any CPU.Build.0 = Debug|Any CPU
		{7C9A0390-9626-44AF-9DFB-B76D7831316C}.Release|Any CPU.ActiveCfg = Release|Any CPU
		{7C9A0390-9626-44AF-9DFB-B76D7831316C}.Release|Any CPU.Build.0 = Release|Any CPU
		{6A095AEA-C6DF-4500-A97B-F607CEC15A67}.Debug|Any CPU.ActiveCfg = Debug|Any CPU
		{6A095AEA-C6DF-4500-A97B-F607CEC15A67}.Debug|Any CPU.Build.0 = Debug|Any CPU
		{6A095AEA-C6DF-4500-A97B-F607CEC15A67}.Release|Any CPU.ActiveCfg = Release|Any CPU
		{6A095AEA-C6DF-4500-A97B-F607CEC15A67}.Release|Any CPU.Build.0 = Release|Any CPU
		{51C387A6-C879-45C2-A7F9-BDEFB45584CB}.Debug|Any CPU.ActiveCfg = Debug|Any CPU
		{51C387A6-C879-45C2-A7F9-BDEFB45584CB}.Debug|Any CPU.Build.0 = Debug|Any CPU
		{51C387A6-C879-45C2-A7F9-BDEFB45584CB}.Release|Any CPU.ActiveCfg = Release|Any CPU
		{51C387A6-C879-45C2-A7F9-BDEFB45584CB}.Release|Any CPU.Build.0 = Release|Any CPU
		{A64F1525-8EF2-45B9-B93C-FDB5597ACD81}.Debug|Any CPU.ActiveCfg = Debug|Any CPU
		{A64F1525-8EF2-45B9-B93C-FDB5597ACD81}.Debug|Any CPU.Build.0 = Debug|Any CPU
		{A64F1525-8EF2-45B9-B93C-FDB5597ACD81}.Release|Any CPU.ActiveCfg = Release|Any CPU
		{A64F1525-8EF2-45B9-B93C-FDB5597ACD81}.Release|Any CPU.Build.0 = Release|Any CPU
		{18AC54E3-0F6A-421F-BE2D-0AF7D23DED8B}.Debug|Any CPU.ActiveCfg = Debug|Any CPU
		{18AC54E3-0F6A-421F-BE2D-0AF7D23DED8B}.Debug|Any CPU.Build.0 = Debug|Any CPU
		{18AC54E3-0F6A-421F-BE2D-0AF7D23DED8B}.Release|Any CPU.ActiveCfg = Release|Any CPU
		{18AC54E3-0F6A-421F-BE2D-0AF7D23DED8B}.Release|Any CPU.Build.0 = Release|Any CPU
		{6A49EB4D-C38A-4E99-9B0F-B418A91BC5CE}.Debug|Any CPU.ActiveCfg = Debug|Any CPU
		{6A49EB4D-C38A-4E99-9B0F-B418A91BC5CE}.Debug|Any CPU.Build.0 = Debug|Any CPU
		{6A49EB4D-C38A-4E99-9B0F-B418A91BC5CE}.Release|Any CPU.ActiveCfg = Release|Any CPU
		{6A49EB4D-C38A-4E99-9B0F-B418A91BC5CE}.Release|Any CPU.Build.0 = Release|Any CPU
		{CDFCBE44-37B1-41A2-82DA-7CEC47898785}.Debug|Any CPU.ActiveCfg = Debug|Any CPU
		{CDFCBE44-37B1-41A2-82DA-7CEC47898785}.Debug|Any CPU.Build.0 = Debug|Any CPU
		{CDFCBE44-37B1-41A2-82DA-7CEC47898785}.Release|Any CPU.ActiveCfg = Release|Any CPU
		{CDFCBE44-37B1-41A2-82DA-7CEC47898785}.Release|Any CPU.Build.0 = Release|Any CPU
		{96E3CAEF-01EB-4C83-A69E-A697F994AE3B}.Debug|Any CPU.ActiveCfg = Debug|Any CPU
		{96E3CAEF-01EB-4C83-A69E-A697F994AE3B}.Debug|Any CPU.Build.0 = Debug|Any CPU
		{96E3CAEF-01EB-4C83-A69E-A697F994AE3B}.Release|Any CPU.ActiveCfg = Release|Any CPU
		{96E3CAEF-01EB-4C83-A69E-A697F994AE3B}.Release|Any CPU.Build.0 = Release|Any CPU
		{E5BAB26A-946C-440B-99A5-A65F77CF5538}.Debug|Any CPU.ActiveCfg = Debug|Any CPU
		{E5BAB26A-946C-440B-99A5-A65F77CF5538}.Debug|Any CPU.Build.0 = Debug|Any CPU
		{E5BAB26A-946C-440B-99A5-A65F77CF5538}.Release|Any CPU.ActiveCfg = Release|Any CPU
		{E5BAB26A-946C-440B-99A5-A65F77CF5538}.Release|Any CPU.Build.0 = Release|Any CPU
		{C060B4F0-6E58-45CF-BD70-69E59516649A}.Debug|Any CPU.ActiveCfg = Debug|Any CPU
		{C060B4F0-6E58-45CF-BD70-69E59516649A}.Debug|Any CPU.Build.0 = Debug|Any CPU
		{C060B4F0-6E58-45CF-BD70-69E59516649A}.Release|Any CPU.ActiveCfg = Release|Any CPU
		{C060B4F0-6E58-45CF-BD70-69E59516649A}.Release|Any CPU.Build.0 = Release|Any CPU
		{6C31B3A6-1A81-48B5-8954-38FE7EFB6B27}.Debug|Any CPU.ActiveCfg = Debug|Any CPU
		{6C31B3A6-1A81-48B5-8954-38FE7EFB6B27}.Debug|Any CPU.Build.0 = Debug|Any CPU
		{6C31B3A6-1A81-48B5-8954-38FE7EFB6B27}.Release|Any CPU.ActiveCfg = Release|Any CPU
		{6C31B3A6-1A81-48B5-8954-38FE7EFB6B27}.Release|Any CPU.Build.0 = Release|Any CPU
		{10299A04-9BE3-474C-92A1-06BE6B52FF08}.Debug|Any CPU.ActiveCfg = Debug|Any CPU
		{10299A04-9BE3-474C-92A1-06BE6B52FF08}.Debug|Any CPU.Build.0 = Debug|Any CPU
		{10299A04-9BE3-474C-92A1-06BE6B52FF08}.Release|Any CPU.ActiveCfg = Release|Any CPU
		{10299A04-9BE3-474C-92A1-06BE6B52FF08}.Release|Any CPU.Build.0 = Release|Any CPU
		{C338B40C-D75F-4EA0-A197-63C45DDAC436}.Debug|Any CPU.ActiveCfg = Debug|Any CPU
		{C338B40C-D75F-4EA0-A197-63C45DDAC436}.Debug|Any CPU.Build.0 = Debug|Any CPU
		{C338B40C-D75F-4EA0-A197-63C45DDAC436}.Release|Any CPU.ActiveCfg = Release|Any CPU
		{C338B40C-D75F-4EA0-A197-63C45DDAC436}.Release|Any CPU.Build.0 = Release|Any CPU
		{7A3D554B-4A18-40B8-AFC6-2D50739485A6}.Debug|Any CPU.ActiveCfg = Debug|Any CPU
		{7A3D554B-4A18-40B8-AFC6-2D50739485A6}.Debug|Any CPU.Build.0 = Debug|Any CPU
		{7A3D554B-4A18-40B8-AFC6-2D50739485A6}.Release|Any CPU.ActiveCfg = Release|Any CPU
		{7A3D554B-4A18-40B8-AFC6-2D50739485A6}.Release|Any CPU.Build.0 = Release|Any CPU
		{94F898B8-77CA-41CB-B2E9-224132AFDE56}.Debug|Any CPU.ActiveCfg = Debug|Any CPU
		{94F898B8-77CA-41CB-B2E9-224132AFDE56}.Debug|Any CPU.Build.0 = Debug|Any CPU
		{94F898B8-77CA-41CB-B2E9-224132AFDE56}.Release|Any CPU.ActiveCfg = Release|Any CPU
		{94F898B8-77CA-41CB-B2E9-224132AFDE56}.Release|Any CPU.Build.0 = Release|Any CPU
		{5E588318-2A94-46A3-9CAB-02A714A9FACC}.Debug|Any CPU.ActiveCfg = Debug|Any CPU
		{5E588318-2A94-46A3-9CAB-02A714A9FACC}.Debug|Any CPU.Build.0 = Debug|Any CPU
		{5E588318-2A94-46A3-9CAB-02A714A9FACC}.Release|Any CPU.ActiveCfg = Release|Any CPU
		{5E588318-2A94-46A3-9CAB-02A714A9FACC}.Release|Any CPU.Build.0 = Release|Any CPU
		{DB0CD290-ACF0-42B2-AF07-7DFB458A17E1}.Debug|Any CPU.ActiveCfg = Debug|Any CPU
		{DB0CD290-ACF0-42B2-AF07-7DFB458A17E1}.Debug|Any CPU.Build.0 = Debug|Any CPU
		{DB0CD290-ACF0-42B2-AF07-7DFB458A17E1}.Release|Any CPU.ActiveCfg = Release|Any CPU
		{DB0CD290-ACF0-42B2-AF07-7DFB458A17E1}.Release|Any CPU.Build.0 = Release|Any CPU
		{68C16330-798A-44FB-92B5-45FE1EEB8921}.Debug|Any CPU.ActiveCfg = Debug|Any CPU
		{68C16330-798A-44FB-92B5-45FE1EEB8921}.Debug|Any CPU.Build.0 = Debug|Any CPU
		{68C16330-798A-44FB-92B5-45FE1EEB8921}.Release|Any CPU.ActiveCfg = Release|Any CPU
		{68C16330-798A-44FB-92B5-45FE1EEB8921}.Release|Any CPU.Build.0 = Release|Any CPU
		{546C96A5-5F17-47B8-8546-43E5A908B5F5}.Debug|Any CPU.ActiveCfg = Debug|Any CPU
		{546C96A5-5F17-47B8-8546-43E5A908B5F5}.Debug|Any CPU.Build.0 = Debug|Any CPU
		{546C96A5-5F17-47B8-8546-43E5A908B5F5}.Release|Any CPU.ActiveCfg = Release|Any CPU
		{546C96A5-5F17-47B8-8546-43E5A908B5F5}.Release|Any CPU.Build.0 = Release|Any CPU
		{4F4695F2-9868-4AFF-A57E-2949CAAD52EA}.Debug|Any CPU.ActiveCfg = Debug|Any CPU
		{4F4695F2-9868-4AFF-A57E-2949CAAD52EA}.Debug|Any CPU.Build.0 = Debug|Any CPU
		{4F4695F2-9868-4AFF-A57E-2949CAAD52EA}.Release|Any CPU.ActiveCfg = Release|Any CPU
		{4F4695F2-9868-4AFF-A57E-2949CAAD52EA}.Release|Any CPU.Build.0 = Release|Any CPU
		{03D67280-9B8B-4515-9C12-6E31F5B2FE5E}.Debug|Any CPU.ActiveCfg = Debug|Any CPU
		{03D67280-9B8B-4515-9C12-6E31F5B2FE5E}.Debug|Any CPU.Build.0 = Debug|Any CPU
		{03D67280-9B8B-4515-9C12-6E31F5B2FE5E}.Release|Any CPU.ActiveCfg = Release|Any CPU
		{03D67280-9B8B-4515-9C12-6E31F5B2FE5E}.Release|Any CPU.Build.0 = Release|Any CPU
		{61430579-56B7-48D3-8A49-76C5D0CF825D}.Debug|Any CPU.ActiveCfg = Debug|Any CPU
		{61430579-56B7-48D3-8A49-76C5D0CF825D}.Debug|Any CPU.Build.0 = Debug|Any CPU
		{61430579-56B7-48D3-8A49-76C5D0CF825D}.Release|Any CPU.ActiveCfg = Release|Any CPU
		{61430579-56B7-48D3-8A49-76C5D0CF825D}.Release|Any CPU.Build.0 = Release|Any CPU
		{C2377FF3-E8F2-4327-BB18-8CA1C3477725}.Debug|Any CPU.ActiveCfg = Debug|Any CPU
		{C2377FF3-E8F2-4327-BB18-8CA1C3477725}.Debug|Any CPU.Build.0 = Debug|Any CPU
		{C2377FF3-E8F2-4327-BB18-8CA1C3477725}.Release|Any CPU.ActiveCfg = Release|Any CPU
		{C2377FF3-E8F2-4327-BB18-8CA1C3477725}.Release|Any CPU.Build.0 = Release|Any CPU
		{E2281426-CA25-4F51-BD72-E0A9EECAC5ED}.Debug|Any CPU.ActiveCfg = Debug|Any CPU
		{E2281426-CA25-4F51-BD72-E0A9EECAC5ED}.Debug|Any CPU.Build.0 = Debug|Any CPU
		{E2281426-CA25-4F51-BD72-E0A9EECAC5ED}.Release|Any CPU.ActiveCfg = Release|Any CPU
		{E2281426-CA25-4F51-BD72-E0A9EECAC5ED}.Release|Any CPU.Build.0 = Release|Any CPU
		{0182B7AD-1CF4-4859-A960-5BCDD78FC088}.Debug|Any CPU.ActiveCfg = Debug|Any CPU
		{0182B7AD-1CF4-4859-A960-5BCDD78FC088}.Debug|Any CPU.Build.0 = Debug|Any CPU
		{0182B7AD-1CF4-4859-A960-5BCDD78FC088}.Release|Any CPU.ActiveCfg = Release|Any CPU
		{0182B7AD-1CF4-4859-A960-5BCDD78FC088}.Release|Any CPU.Build.0 = Release|Any CPU
		{D8FED414-82F3-4E6D-B642-69027DF80C76}.Debug|Any CPU.ActiveCfg = Debug|Any CPU
		{D8FED414-82F3-4E6D-B642-69027DF80C76}.Debug|Any CPU.Build.0 = Debug|Any CPU
		{D8FED414-82F3-4E6D-B642-69027DF80C76}.Release|Any CPU.ActiveCfg = Release|Any CPU
		{D8FED414-82F3-4E6D-B642-69027DF80C76}.Release|Any CPU.Build.0 = Release|Any CPU
		{1A0D5D63-4DA1-4123-AECE-B044EED23728}.Debug|Any CPU.ActiveCfg = Debug|Any CPU
		{1A0D5D63-4DA1-4123-AECE-B044EED23728}.Debug|Any CPU.Build.0 = Debug|Any CPU
		{1A0D5D63-4DA1-4123-AECE-B044EED23728}.Release|Any CPU.ActiveCfg = Release|Any CPU
		{1A0D5D63-4DA1-4123-AECE-B044EED23728}.Release|Any CPU.Build.0 = Release|Any CPU
		{E9397A9D-5416-4C44-8DA4-9EB55956553E}.Debug|Any CPU.ActiveCfg = Debug|Any CPU
		{E9397A9D-5416-4C44-8DA4-9EB55956553E}.Debug|Any CPU.Build.0 = Debug|Any CPU
		{E9397A9D-5416-4C44-8DA4-9EB55956553E}.Release|Any CPU.ActiveCfg = Release|Any CPU
		{E9397A9D-5416-4C44-8DA4-9EB55956553E}.Release|Any CPU.Build.0 = Release|Any CPU
		{EFAF7138-0BE1-4047-8A77-F1FBC86F280B}.Debug|Any CPU.ActiveCfg = Debug|Any CPU
		{EFAF7138-0BE1-4047-8A77-F1FBC86F280B}.Debug|Any CPU.Build.0 = Debug|Any CPU
		{EFAF7138-0BE1-4047-8A77-F1FBC86F280B}.Release|Any CPU.ActiveCfg = Release|Any CPU
		{EFAF7138-0BE1-4047-8A77-F1FBC86F280B}.Release|Any CPU.Build.0 = Release|Any CPU
		{BB80B011-5FC4-4EC7-B532-C5934FB6B173}.Debug|Any CPU.ActiveCfg = Debug|Any CPU
		{BB80B011-5FC4-4EC7-B532-C5934FB6B173}.Debug|Any CPU.Build.0 = Debug|Any CPU
		{BB80B011-5FC4-4EC7-B532-C5934FB6B173}.Release|Any CPU.ActiveCfg = Release|Any CPU
		{BB80B011-5FC4-4EC7-B532-C5934FB6B173}.Release|Any CPU.Build.0 = Release|Any CPU
		{59E7096A-8ED2-481D-AEA0-D9C0DB9CCF80}.Debug|Any CPU.ActiveCfg = Debug|Any CPU
		{59E7096A-8ED2-481D-AEA0-D9C0DB9CCF80}.Debug|Any CPU.Build.0 = Debug|Any CPU
		{59E7096A-8ED2-481D-AEA0-D9C0DB9CCF80}.Release|Any CPU.ActiveCfg = Release|Any CPU
		{59E7096A-8ED2-481D-AEA0-D9C0DB9CCF80}.Release|Any CPU.Build.0 = Release|Any CPU
		{79863E29-B55C-4FFB-A553-1CC316651269}.Debug|Any CPU.ActiveCfg = Debug|Any CPU
		{79863E29-B55C-4FFB-A553-1CC316651269}.Debug|Any CPU.Build.0 = Debug|Any CPU
		{79863E29-B55C-4FFB-A553-1CC316651269}.Release|Any CPU.ActiveCfg = Release|Any CPU
		{79863E29-B55C-4FFB-A553-1CC316651269}.Release|Any CPU.Build.0 = Release|Any CPU
		{BA17CA3D-648F-46C4-BE18-4F760F4D36B5}.Debug|Any CPU.ActiveCfg = Debug|Any CPU
		{BA17CA3D-648F-46C4-BE18-4F760F4D36B5}.Debug|Any CPU.Build.0 = Debug|Any CPU
		{BA17CA3D-648F-46C4-BE18-4F760F4D36B5}.Release|Any CPU.ActiveCfg = Release|Any CPU
		{BA17CA3D-648F-46C4-BE18-4F760F4D36B5}.Release|Any CPU.Build.0 = Release|Any CPU
		{9C6B5DD9-BACD-4EE9-A396-D3307993194C}.Debug|Any CPU.ActiveCfg = Debug|Any CPU
		{9C6B5DD9-BACD-4EE9-A396-D3307993194C}.Debug|Any CPU.Build.0 = Debug|Any CPU
		{9C6B5DD9-BACD-4EE9-A396-D3307993194C}.Release|Any CPU.ActiveCfg = Release|Any CPU
		{9C6B5DD9-BACD-4EE9-A396-D3307993194C}.Release|Any CPU.Build.0 = Release|Any CPU
	EndGlobalSection
	GlobalSection(SolutionProperties) = preSolution
		HideSolutionNode = FALSE
	EndGlobalSection
	GlobalSection(NestedProjects) = preSolution
		{A46370A4-0407-4737-B4C8-36F260DEF08E} = {C285E3AA-AFED-4CE8-BA34-B17D554D268A}
		{49F108B4-BCA8-4392-8DD7-5F9E3B83DE17} = {C285E3AA-AFED-4CE8-BA34-B17D554D268A}
		{24C55D79-4B65-4D3C-A185-B9BA61CED946} = {C285E3AA-AFED-4CE8-BA34-B17D554D268A}
		{7C9A0390-9626-44AF-9DFB-B76D7831316C} = {A46370A4-0407-4737-B4C8-36F260DEF08E}
		{6A095AEA-C6DF-4500-A97B-F607CEC15A67} = {24C55D79-4B65-4D3C-A185-B9BA61CED946}
		{51C387A6-C879-45C2-A7F9-BDEFB45584CB} = {24C55D79-4B65-4D3C-A185-B9BA61CED946}
		{A64F1525-8EF2-45B9-B93C-FDB5597ACD81} = {49F108B4-BCA8-4392-8DD7-5F9E3B83DE17}
		{18AC54E3-0F6A-421F-BE2D-0AF7D23DED8B} = {A46370A4-0407-4737-B4C8-36F260DEF08E}
		{9D367A46-5E78-4A40-8B8D-F1F0F38B2D6D} = {1686DAAB-AB56-4866-823D-747944C345A8}
		{C3AF0ECE-B26A-4B21-B0B0-1EA495D549B0} = {1686DAAB-AB56-4866-823D-747944C345A8}
		{D44E381D-4E5E-4281-9EEA-7B30BEA7D7F8} = {1686DAAB-AB56-4866-823D-747944C345A8}
		{6A49EB4D-C38A-4E99-9B0F-B418A91BC5CE} = {D44E381D-4E5E-4281-9EEA-7B30BEA7D7F8}
		{CDFCBE44-37B1-41A2-82DA-7CEC47898785} = {C3AF0ECE-B26A-4B21-B0B0-1EA495D549B0}
		{96E3CAEF-01EB-4C83-A69E-A697F994AE3B} = {9D367A46-5E78-4A40-8B8D-F1F0F38B2D6D}
		{E5BAB26A-946C-440B-99A5-A65F77CF5538} = {C3AF0ECE-B26A-4B21-B0B0-1EA495D549B0}
		{C060B4F0-6E58-45CF-BD70-69E59516649A} = {9D367A46-5E78-4A40-8B8D-F1F0F38B2D6D}
		{6C31B3A6-1A81-48B5-8954-38FE7EFB6B27} = {A46370A4-0407-4737-B4C8-36F260DEF08E}
		{10299A04-9BE3-474C-92A1-06BE6B52FF08} = {C3AF0ECE-B26A-4B21-B0B0-1EA495D549B0}
		{DF29CE41-4C63-4FD5-812E-9B6728AE48A8} = {1686DAAB-AB56-4866-823D-747944C345A8}
		{C338B40C-D75F-4EA0-A197-63C45DDAC436} = {DF29CE41-4C63-4FD5-812E-9B6728AE48A8}
		{DA66AFC3-ECBA-4B58-A8E3-E5D53A963603} = {C285E3AA-AFED-4CE8-BA34-B17D554D268A}
		{3B2141C4-7F28-49AD-BE1B-7F31659D678F} = {DA66AFC3-ECBA-4B58-A8E3-E5D53A963603}
		{64911A8D-4888-4824-98FE-32E491B12FDB} = {DA66AFC3-ECBA-4B58-A8E3-E5D53A963603}
		{8DAE82DE-A4B9-4B99-BDCA-C75245C3362C} = {DA66AFC3-ECBA-4B58-A8E3-E5D53A963603}
		{3B79D760-BE5F-4ACA-A289-49CAF709AC37} = {C285E3AA-AFED-4CE8-BA34-B17D554D268A}
		{7A3D554B-4A18-40B8-AFC6-2D50739485A6} = {3B2141C4-7F28-49AD-BE1B-7F31659D678F}
		{94F898B8-77CA-41CB-B2E9-224132AFDE56} = {3B2141C4-7F28-49AD-BE1B-7F31659D678F}
		{5E588318-2A94-46A3-9CAB-02A714A9FACC} = {3B2141C4-7F28-49AD-BE1B-7F31659D678F}
		{DB0CD290-ACF0-42B2-AF07-7DFB458A17E1} = {64911A8D-4888-4824-98FE-32E491B12FDB}
		{68C16330-798A-44FB-92B5-45FE1EEB8921} = {64911A8D-4888-4824-98FE-32E491B12FDB}
		{546C96A5-5F17-47B8-8546-43E5A908B5F5} = {64911A8D-4888-4824-98FE-32E491B12FDB}
		{4F4695F2-9868-4AFF-A57E-2949CAAD52EA} = {3B79D760-BE5F-4ACA-A289-49CAF709AC37}
		{03D67280-9B8B-4515-9C12-6E31F5B2FE5E} = {3B79D760-BE5F-4ACA-A289-49CAF709AC37}
		{61430579-56B7-48D3-8A49-76C5D0CF825D} = {8DAE82DE-A4B9-4B99-BDCA-C75245C3362C}
		{C2377FF3-E8F2-4327-BB18-8CA1C3477725} = {8DAE82DE-A4B9-4B99-BDCA-C75245C3362C}
		{E2281426-CA25-4F51-BD72-E0A9EECAC5ED} = {8DAE82DE-A4B9-4B99-BDCA-C75245C3362C}
		{6BD5F750-1CEC-46A8-B709-30A655836CDD} = {3B79D760-BE5F-4ACA-A289-49CAF709AC37}
		{0182B7AD-1CF4-4859-A960-5BCDD78FC088} = {6BD5F750-1CEC-46A8-B709-30A655836CDD}
		{012ECB83-4A27-4606-95D7-E8DFC7947B3C} = {64911A8D-4888-4824-98FE-32E491B12FDB}
		{AB25C4E8-A74E-45B0-817C-242DC1213E5B} = {8DAE82DE-A4B9-4B99-BDCA-C75245C3362C}
		{15717DC7-4A1A-4148-B395-75D1023ADBFA} = {3B2141C4-7F28-49AD-BE1B-7F31659D678F}
		{5F7CF46B-6D06-4459-AB5F-EF294690218F} = {49F108B4-BCA8-4392-8DD7-5F9E3B83DE17}
		{D8FED414-82F3-4E6D-B642-69027DF80C76} = {5F7CF46B-6D06-4459-AB5F-EF294690218F}
		{1A0D5D63-4DA1-4123-AECE-B044EED23728} = {012ECB83-4A27-4606-95D7-E8DFC7947B3C}
		{E9397A9D-5416-4C44-8DA4-9EB55956553E} = {012ECB83-4A27-4606-95D7-E8DFC7947B3C}
		{EFAF7138-0BE1-4047-8A77-F1FBC86F280B} = {AB25C4E8-A74E-45B0-817C-242DC1213E5B}
		{BB80B011-5FC4-4EC7-B532-C5934FB6B173} = {AB25C4E8-A74E-45B0-817C-242DC1213E5B}
		{59E7096A-8ED2-481D-AEA0-D9C0DB9CCF80} = {AB25C4E8-A74E-45B0-817C-242DC1213E5B}
		{79863E29-B55C-4FFB-A553-1CC316651269} = {15717DC7-4A1A-4148-B395-75D1023ADBFA}
		{BA17CA3D-648F-46C4-BE18-4F760F4D36B5} = {15717DC7-4A1A-4148-B395-75D1023ADBFA}
		{9C6B5DD9-BACD-4EE9-A396-D3307993194C} = {15717DC7-4A1A-4148-B395-75D1023ADBFA}
	EndGlobalSection
	GlobalSection(ExtensibilityGlobals) = postSolution
		SolutionGuid = {97C30148-4293-4FAD-837B-5A66762FD1E3}
	EndGlobalSection
EndGlobal
