
Microsoft Visual Studio Solution File, Format Version 12.00
# Visual Studio Version 17
VisualStudioVersion = 17.3.32825.248
MinimumVisualStudioVersion = 10.0.40219.1
Project("{2150E333-8FDC-42A3-9474-1A3956D46DE8}") = "src", "src", "{C285E3AA-AFED-4CE8-BA34-B17D554D268A}"
EndProject
Project("{2150E333-8FDC-42A3-9474-1A3956D46DE8}") = "tests", "tests", "{1686DAAB-AB56-4866-823D-747944C345A8}"
EndProject
Project("{2150E333-8FDC-42A3-9474-1A3956D46DE8}") = "doc", "doc", "{23CCC140-D513-4D9F-A84C-D928B3704AE5}"
EndProject
Project("{2150E333-8FDC-42A3-9474-1A3956D46DE8}") = "Infrastructure", "Infrastructure", "{A46370A4-0407-4737-B4C8-36F260DEF08E}"
EndProject
Project("{2150E333-8FDC-42A3-9474-1A3956D46DE8}") = "API", "API", "{49F108B4-BCA8-4392-8DD7-5F9E3B83DE17}"
EndProject
Project("{2150E333-8FDC-42A3-9474-1A3956D46DE8}") = "Core", "Core", "{24C55D79-4B65-4D3C-A185-B9BA61CED946}"
EndProject
Project("{9A19103F-16F7-4668-BE54-9A1E7A4F7556}") = "takecontrol.Identity", "takecontrol.Identity\takecontrol.Identity.csproj", "{7C9A0390-9626-44AF-9DFB-B76D7831316C}"
EndProject
Project("{9A19103F-16F7-4668-BE54-9A1E7A4F7556}") = "takecontrol.Domain", "takecontrol.Domain\takecontrol.Domain.csproj", "{6A095AEA-C6DF-4500-A97B-F607CEC15A67}"
EndProject
Project("{9A19103F-16F7-4668-BE54-9A1E7A4F7556}") = "takecontrol.Application", "takecontrol.Application\takecontrol.Application.csproj", "{51C387A6-C879-45C2-A7F9-BDEFB45584CB}"
EndProject
Project("{9A19103F-16F7-4668-BE54-9A1E7A4F7556}") = "takecontrol.API", "takecontrol.API\takecontrol.API.csproj", "{A64F1525-8EF2-45B9-B93C-FDB5597ACD81}"
EndProject
Project("{9A19103F-16F7-4668-BE54-9A1E7A4F7556}") = "takecontrol.Infrastructure", "takecontrol.Infrastructure\takecontrol.Infrastructure.csproj", "{18AC54E3-0F6A-421F-BE2D-0AF7D23DED8B}"
EndProject
Project("{2150E333-8FDC-42A3-9474-1A3956D46DE8}") = "Core", "Core", "{9D367A46-5E78-4A40-8B8D-F1F0F38B2D6D}"
EndProject
Project("{9A19103F-16F7-4668-BE54-9A1E7A4F7556}") = "tekecontrol.Application.Tests", "tekecontrol.Application.Tests\tekecontrol.Application.Tests.csproj", "{9F2990F2-C88E-462E-8275-AA231C83EB46}"
EndProject
Project("{2150E333-8FDC-42A3-9474-1A3956D46DE8}") = "Infrastructure", "Infrastructure", "{C3AF0ECE-B26A-4B21-B0B0-1EA495D549B0}"
EndProject
Project("{FAE04EC0-301F-11D3-BF4B-00C04F79EFBC}") = "takecontrol.Identity.Tests", "takecontrol.Identity.Tests\takecontrol.Identity.Tests.csproj", "{F320FBA8-D815-4377-83CB-9DDDA1EC9A2E}"
EndProject
Global
	GlobalSection(SolutionConfigurationPlatforms) = preSolution
		Debug|Any CPU = Debug|Any CPU
		Release|Any CPU = Release|Any CPU
	EndGlobalSection
	GlobalSection(ProjectConfigurationPlatforms) = postSolution
		{7C9A0390-9626-44AF-9DFB-B76D7831316C}.Debug|Any CPU.ActiveCfg = Debug|Any CPU
		{7C9A0390-9626-44AF-9DFB-B76D7831316C}.Debug|Any CPU.Build.0 = Debug|Any CPU
		{7C9A0390-9626-44AF-9DFB-B76D7831316C}.Release|Any CPU.ActiveCfg = Release|Any CPU
		{7C9A0390-9626-44AF-9DFB-B76D7831316C}.Release|Any CPU.Build.0 = Release|Any CPU
		{6A095AEA-C6DF-4500-A97B-F607CEC15A67}.Debug|Any CPU.ActiveCfg = Debug|Any CPU
		{6A095AEA-C6DF-4500-A97B-F607CEC15A67}.Debug|Any CPU.Build.0 = Debug|Any CPU
		{6A095AEA-C6DF-4500-A97B-F607CEC15A67}.Release|Any CPU.ActiveCfg = Release|Any CPU
		{6A095AEA-C6DF-4500-A97B-F607CEC15A67}.Release|Any CPU.Build.0 = Release|Any CPU
		{51C387A6-C879-45C2-A7F9-BDEFB45584CB}.Debug|Any CPU.ActiveCfg = Debug|Any CPU
		{51C387A6-C879-45C2-A7F9-BDEFB45584CB}.Debug|Any CPU.Build.0 = Debug|Any CPU
		{51C387A6-C879-45C2-A7F9-BDEFB45584CB}.Release|Any CPU.ActiveCfg = Release|Any CPU
		{51C387A6-C879-45C2-A7F9-BDEFB45584CB}.Release|Any CPU.Build.0 = Release|Any CPU
		{A64F1525-8EF2-45B9-B93C-FDB5597ACD81}.Debug|Any CPU.ActiveCfg = Debug|Any CPU
		{A64F1525-8EF2-45B9-B93C-FDB5597ACD81}.Debug|Any CPU.Build.0 = Debug|Any CPU
		{A64F1525-8EF2-45B9-B93C-FDB5597ACD81}.Release|Any CPU.ActiveCfg = Release|Any CPU
		{A64F1525-8EF2-45B9-B93C-FDB5597ACD81}.Release|Any CPU.Build.0 = Release|Any CPU
		{18AC54E3-0F6A-421F-BE2D-0AF7D23DED8B}.Debug|Any CPU.ActiveCfg = Debug|Any CPU
		{18AC54E3-0F6A-421F-BE2D-0AF7D23DED8B}.Debug|Any CPU.Build.0 = Debug|Any CPU
		{18AC54E3-0F6A-421F-BE2D-0AF7D23DED8B}.Release|Any CPU.ActiveCfg = Release|Any CPU
		{18AC54E3-0F6A-421F-BE2D-0AF7D23DED8B}.Release|Any CPU.Build.0 = Release|Any CPU
		{9F2990F2-C88E-462E-8275-AA231C83EB46}.Debug|Any CPU.ActiveCfg = Debug|Any CPU
		{9F2990F2-C88E-462E-8275-AA231C83EB46}.Debug|Any CPU.Build.0 = Debug|Any CPU
		{9F2990F2-C88E-462E-8275-AA231C83EB46}.Release|Any CPU.ActiveCfg = Release|Any CPU
		{9F2990F2-C88E-462E-8275-AA231C83EB46}.Release|Any CPU.Build.0 = Release|Any CPU
		{F320FBA8-D815-4377-83CB-9DDDA1EC9A2E}.Debug|Any CPU.ActiveCfg = Debug|Any CPU
		{F320FBA8-D815-4377-83CB-9DDDA1EC9A2E}.Debug|Any CPU.Build.0 = Debug|Any CPU
		{F320FBA8-D815-4377-83CB-9DDDA1EC9A2E}.Release|Any CPU.ActiveCfg = Release|Any CPU
		{F320FBA8-D815-4377-83CB-9DDDA1EC9A2E}.Release|Any CPU.Build.0 = Release|Any CPU
	EndGlobalSection
	GlobalSection(SolutionProperties) = preSolution
		HideSolutionNode = FALSE
	EndGlobalSection
	GlobalSection(NestedProjects) = preSolution
		{A46370A4-0407-4737-B4C8-36F260DEF08E} = {C285E3AA-AFED-4CE8-BA34-B17D554D268A}
		{49F108B4-BCA8-4392-8DD7-5F9E3B83DE17} = {C285E3AA-AFED-4CE8-BA34-B17D554D268A}
		{24C55D79-4B65-4D3C-A185-B9BA61CED946} = {C285E3AA-AFED-4CE8-BA34-B17D554D268A}
		{7C9A0390-9626-44AF-9DFB-B76D7831316C} = {A46370A4-0407-4737-B4C8-36F260DEF08E}
		{6A095AEA-C6DF-4500-A97B-F607CEC15A67} = {24C55D79-4B65-4D3C-A185-B9BA61CED946}
		{51C387A6-C879-45C2-A7F9-BDEFB45584CB} = {24C55D79-4B65-4D3C-A185-B9BA61CED946}
		{A64F1525-8EF2-45B9-B93C-FDB5597ACD81} = {49F108B4-BCA8-4392-8DD7-5F9E3B83DE17}
		{18AC54E3-0F6A-421F-BE2D-0AF7D23DED8B} = {A46370A4-0407-4737-B4C8-36F260DEF08E}
		{9D367A46-5E78-4A40-8B8D-F1F0F38B2D6D} = {1686DAAB-AB56-4866-823D-747944C345A8}
		{9F2990F2-C88E-462E-8275-AA231C83EB46} = {9D367A46-5E78-4A40-8B8D-F1F0F38B2D6D}
		{C3AF0ECE-B26A-4B21-B0B0-1EA495D549B0} = {1686DAAB-AB56-4866-823D-747944C345A8}
		{F320FBA8-D815-4377-83CB-9DDDA1EC9A2E} = {C3AF0ECE-B26A-4B21-B0B0-1EA495D549B0}
	EndGlobalSection
	GlobalSection(ExtensibilityGlobals) = postSolution
		SolutionGuid = {97C30148-4293-4FAD-837B-5A66762FD1E3}
	EndGlobalSection
EndGlobal
